
Microsoft Visual Studio Solution File, Format Version 12.00
# Visual Studio Version 17
VisualStudioVersion = 17.4.33205.214
MinimumVisualStudioVersion = 10.0.40219.1
Project("{9A19103F-16F7-4668-BE54-9A1E7A4F7556}") = "PartReprice", "PartReprice\PartReprice.csproj", "{19F1B235-B779-462A-91E0-2970E9CFE3C1}"
EndProject
Project("{9A19103F-16F7-4668-BE54-9A1E7A4F7556}") = "PartReprice.UnitTests", "PartReprice.UnitTests\PartReprice.UnitTests.csproj", "{8BB8DF3E-2096-43A6-90A8-EBF77911BA29}"
EndProject
Project("{9A19103F-16F7-4668-BE54-9A1E7A4F7556}") = "PartReprice.Data", "PartReprice.Data\PartReprice.Data.csproj", "{5275CE7B-4B2D-4C14-8A24-80983AABE2FB}"
EndProject
Global
	GlobalSection(SolutionConfigurationPlatforms) = preSolution
		Debug|Any CPU = Debug|Any CPU
		Release|Any CPU = Release|Any CPU
	EndGlobalSection
	GlobalSection(ProjectConfigurationPlatforms) = postSolution
		{19F1B235-B779-462A-91E0-2970E9CFE3C1}.Debug|Any CPU.ActiveCfg = Debug|Any CPU
		{19F1B235-B779-462A-91E0-2970E9CFE3C1}.Debug|Any CPU.Build.0 = Debug|Any CPU
		{19F1B235-B779-462A-91E0-2970E9CFE3C1}.Release|Any CPU.ActiveCfg = Release|Any CPU
		{19F1B235-B779-462A-91E0-2970E9CFE3C1}.Release|Any CPU.Build.0 = Release|Any CPU
		{8BB8DF3E-2096-43A6-90A8-EBF77911BA29}.Debug|Any CPU.ActiveCfg = Debug|Any CPU
		{8BB8DF3E-2096-43A6-90A8-EBF77911BA29}.Debug|Any CPU.Build.0 = Debug|Any CPU
		{8BB8DF3E-2096-43A6-90A8-EBF77911BA29}.Release|Any CPU.ActiveCfg = Release|Any CPU
		{8BB8DF3E-2096-43A6-90A8-EBF77911BA29}.Release|Any CPU.Build.0 = Release|Any CPU
		{5275CE7B-4B2D-4C14-8A24-80983AABE2FB}.Debug|Any CPU.ActiveCfg = Debug|Any CPU
		{5275CE7B-4B2D-4C14-8A24-80983AABE2FB}.Debug|Any CPU.Build.0 = Debug|Any CPU
		{5275CE7B-4B2D-4C14-8A24-80983AABE2FB}.Release|Any CPU.ActiveCfg = Release|Any CPU
		{5275CE7B-4B2D-4C14-8A24-80983AABE2FB}.Release|Any CPU.Build.0 = Release|Any CPU
	EndGlobalSection
	GlobalSection(SolutionProperties) = preSolution
		HideSolutionNode = FALSE
	EndGlobalSection
	GlobalSection(ExtensibilityGlobals) = postSolution
		SolutionGuid = {7206E4DE-6D55-4209-B510-433A34FB063F}
	EndGlobalSection
EndGlobal
